Microsoft Visual Studio Solution File, Format Version 12.00
# Visual Studio Version 17
VisualStudioVersion = 17.5.2.0
MinimumVisualStudioVersion = 10.0.40219.1
Project("{FAE04EC0-301F-11D3-BF4B-00C04F79EFBC}") = "telemetryapp", "telemetryapp.csproj", "{77E22804-1876-06D6-2CEE-6E1DC52175D4}"
EndProject
Global
	GlobalSection(SolutionConfigurationPlatforms) = preSolution
		Debug|Any CPU = Debug|Any CPU
		Release|Any CPU = Release|Any CPU
	EndGlobalSection
	GlobalSection(ProjectConfigurationPlatforms) = postSolution
		{77E22804-1876-06D6-2CEE-6E1DC52175D4}.Debug|Any CPU.ActiveCfg = Debug|Any CPU
		{77E22804-1876-06D6-2CEE-6E1DC52175D4}.Debug|Any CPU.Build.0 = Debug|Any CPU
		{77E22804-1876-06D6-2CEE-6E1DC52175D4}.Release|Any CPU.ActiveCfg = Release|Any CPU
		{77E22804-1876-06D6-2CEE-6E1DC52175D4}.Release|Any CPU.Build.0 = Release|Any CPU
	EndGlobalSection
	GlobalSection(SolutionProperties) = preSolution
		HideSolutionNode = FALSE
	EndGlobalSection
	GlobalSection(ExtensibilityGlobals) = postSolution
		SolutionGuid = {D3DFDBA8-950D-4590-AC44-9EC030D63036}
	EndGlobalSection
EndGlobal
